
Microsoft Visual Studio Solution File, Format Version 12.00
# Visual Studio Version 17
VisualStudioVersion = 17.4.33213.308
MinimumVisualStudioVersion = 10.0.40219.1
Project("{FAE04EC0-301F-11D3-BF4B-00C04F79EFBC}") = "NewBootcampProject", "NewBootcampProject.csproj", "{C75BC5B7-44A9-425C-96BA-1726A63E82BE}"
EndProject
Global
	GlobalSection(SolutionConfigurationPlatforms) = preSolution
		Debug|Any CPU = Debug|Any CPU
		Release|Any CPU = Release|Any CPU
	EndGlobalSection
	GlobalSection(ProjectConfigurationPlatforms) = postSolution
		{C75BC5B7-44A9-425C-96BA-1726A63E82BE}.Debug|Any CPU.ActiveCfg = Debug|Any CPU
		{C75BC5B7-44A9-425C-96BA-1726A63E82BE}.Debug|Any CPU.Build.0 = Debug|Any CPU
		{C75BC5B7-44A9-425C-96BA-1726A63E82BE}.Release|Any CPU.ActiveCfg = Release|Any CPU
		{C75BC5B7-44A9-425C-96BA-1726A63E82BE}.Release|Any CPU.Build.0 = Release|Any CPU
	EndGlobalSection
	GlobalSection(SolutionProperties) = preSolution
		HideSolutionNode = FALSE
	EndGlobalSection
	GlobalSection(ExtensibilityGlobals) = postSolution
		SolutionGuid = {2B31661C-A66A-4B40-B93F-47196D1499C0}
	EndGlobalSection
EndGlobal
